
Microsoft Visual Studio Solution File, Format Version 12.00
# Visual Studio Version 16
VisualStudioVersion = 16.0.29001.49
MinimumVisualStudioVersion = 10.0.40219.1
Project("{FAE04EC0-301F-11D3-BF4B-00C04F79EFBC}") = "dll_tool", "dll_tool\dll_tool.csproj", "{1DB4FE9F-EF0F-4913-9E70-DB43D374FDB0}"
EndProject
Global
	GlobalSection(SolutionConfigurationPlatforms) = preSolution
		Debug|Any CPU = Debug|Any CPU
		Release|Any CPU = Release|Any CPU
	EndGlobalSection
	GlobalSection(ProjectConfigurationPlatforms) = postSolution
		{1DB4FE9F-EF0F-4913-9E70-DB43D374FDB0}.Debug|Any CPU.ActiveCfg = Debug|Any CPU
		{1DB4FE9F-EF0F-4913-9E70-DB43D374FDB0}.Debug|Any CPU.Build.0 = Debug|Any CPU
		{1DB4FE9F-EF0F-4913-9E70-DB43D374FDB0}.Release|Any CPU.ActiveCfg = Release|Any CPU
		{1DB4FE9F-EF0F-4913-9E70-DB43D374FDB0}.Release|Any CPU.Build.0 = Release|Any CPU
	EndGlobalSection
	GlobalSection(SolutionProperties) = preSolution
		HideSolutionNode = FALSE
	EndGlobalSection
	GlobalSection(ExtensibilityGlobals) = postSolution
		SolutionGuid = {64D1EDC6-7D7E-4C28-AB83-2948D8F6636D}
	EndGlobalSection
EndGlobal
